
Microsoft Visual Studio Solution File, Format Version 12.00
# Visual Studio 15
VisualStudioVersion = 15.0.26730.15
MinimumVisualStudioVersion = 10.0.40219.1
Project("{2150E333-8FDC-42A3-9474-1A3956D46DE8}") = "src", "src", "{5FD6EF09-E5B4-4662-BA88-348F65A5EB20}"
EndProject
Project("{2150E333-8FDC-42A3-9474-1A3956D46DE8}") = "Solution Items", "Solution Items", "{0B1E0ECC-3634-4E8E-97B4-75EF3F50EF6F}"
EndProject
Project("{2150E333-8FDC-42A3-9474-1A3956D46DE8}") = "test", "test", "{BDBF3FC1-D375-44CD-9653-FCF5F7F61DAF}"
EndProject
Project("{9A19103F-16F7-4668-BE54-9A1E7A4F7556}") = "Savage.Range", "src\Range\Savage.Range.csproj", "{753DC06D-95BF-4F1D-AEAB-EFB49A37605B}"
EndProject
Project("{9A19103F-16F7-4668-BE54-9A1E7A4F7556}") = "Savage.Range.Tests", "test\UnitTests\Savage.Range.Tests.csproj", "{661867AF-EF3E-4442-B97A-DB3B04FA6DD5}"
EndProject
Global
	GlobalSection(SolutionConfigurationPlatforms) = preSolution
		Debug|Any CPU = Debug|Any CPU
		Release|Any CPU = Release|Any CPU
	EndGlobalSection
	GlobalSection(ProjectConfigurationPlatforms) = postSolution
		{753DC06D-95BF-4F1D-AEAB-EFB49A37605B}.Debug|Any CPU.ActiveCfg = Debug|Any CPU
		{753DC06D-95BF-4F1D-AEAB-EFB49A37605B}.Debug|Any CPU.Build.0 = Debug|Any CPU
		{753DC06D-95BF-4F1D-AEAB-EFB49A37605B}.Release|Any CPU.ActiveCfg = Release|Any CPU
		{753DC06D-95BF-4F1D-AEAB-EFB49A37605B}.Release|Any CPU.Build.0 = Release|Any CPU
		{661867AF-EF3E-4442-B97A-DB3B04FA6DD5}.Debug|Any CPU.ActiveCfg = Debug|Any CPU
		{661867AF-EF3E-4442-B97A-DB3B04FA6DD5}.Debug|Any CPU.Build.0 = Debug|Any CPU
		{661867AF-EF3E-4442-B97A-DB3B04FA6DD5}.Release|Any CPU.ActiveCfg = Release|Any CPU
		{661867AF-EF3E-4442-B97A-DB3B04FA6DD5}.Release|Any CPU.Build.0 = Release|Any CPU
	EndGlobalSection
	GlobalSection(SolutionProperties) = preSolution
		HideSolutionNode = FALSE
	EndGlobalSection
	GlobalSection(NestedProjects) = preSolution
		{753DC06D-95BF-4F1D-AEAB-EFB49A37605B} = {5FD6EF09-E5B4-4662-BA88-348F65A5EB20}
		{661867AF-EF3E-4442-B97A-DB3B04FA6DD5} = {BDBF3FC1-D375-44CD-9653-FCF5F7F61DAF}
	EndGlobalSection
	GlobalSection(ExtensibilityGlobals) = postSolution
		SolutionGuid = {0C3B402D-89E9-406F-A9B9-F88CB6E660C0}
	EndGlobalSection
EndGlobal
