
Microsoft Visual Studio Solution File, Format Version 12.00
# Visual Studio 15
VisualStudioVersion = 15.0.26730.15
MinimumVisualStudioVersion = 10.0.40219.1
Project("{9A19103F-16F7-4668-BE54-9A1E7A4F7556}") = "Savage.Range", "Range\Savage.Range.csproj", "{B1298D71-820A-4EEC-BA9B-0535A9F3365F}"
EndProject
Project("{9A19103F-16F7-4668-BE54-9A1E7A4F7556}") = "Savage.Range.Tests", "UnitTests\Savage.Range.Tests.csproj", "{41A11C22-CBC4-4A77-AD76-81128B1EA3D5}"
EndProject
Global
	GlobalSection(SolutionConfigurationPlatforms) = preSolution
		Debug|Any CPU = Debug|Any CPU
		Release|Any CPU = Release|Any CPU
	EndGlobalSection
	GlobalSection(ProjectConfigurationPlatforms) = postSolution
		{B1298D71-820A-4EEC-BA9B-0535A9F3365F}.Debug|Any CPU.ActiveCfg = Debug|Any CPU
		{B1298D71-820A-4EEC-BA9B-0535A9F3365F}.Debug|Any CPU.Build.0 = Debug|Any CPU
		{B1298D71-820A-4EEC-BA9B-0535A9F3365F}.Release|Any CPU.ActiveCfg = Release|Any CPU
		{B1298D71-820A-4EEC-BA9B-0535A9F3365F}.Release|Any CPU.Build.0 = Release|Any CPU
		{41A11C22-CBC4-4A77-AD76-81128B1EA3D5}.Debug|Any CPU.ActiveCfg = Debug|Any CPU
		{41A11C22-CBC4-4A77-AD76-81128B1EA3D5}.Debug|Any CPU.Build.0 = Debug|Any CPU
		{41A11C22-CBC4-4A77-AD76-81128B1EA3D5}.Release|Any CPU.ActiveCfg = Release|Any CPU
		{41A11C22-CBC4-4A77-AD76-81128B1EA3D5}.Release|Any CPU.Build.0 = Release|Any CPU
	EndGlobalSection
	GlobalSection(SolutionProperties) = preSolution
		HideSolutionNode = FALSE
	EndGlobalSection
	GlobalSection(ExtensibilityGlobals) = postSolution
		SolutionGuid = {0C3B402D-89E9-406F-A9B9-F88CB6E660C0}
	EndGlobalSection
EndGlobal
